
Microsoft Visual Studio Solution File, Format Version 12.00
# Visual Studio Version 17
VisualStudioVersion = 17.10.35027.167
MinimumVisualStudioVersion = 10.0.40219.1
Project("{FAE04EC0-301F-11D3-BF4B-00C04F79EFBC}") = "Aula01", "Aula01.csproj", "{2AA3FA91-0F22-41FA-97F7-79F08F2C16AD}"
EndProject
Global
	GlobalSection(SolutionConfigurationPlatforms) = preSolution
		Debug|Any CPU = Debug|Any CPU
		Release|Any CPU = Release|Any CPU
	EndGlobalSection
	GlobalSection(ProjectConfigurationPlatforms) = postSolution
		{2AA3FA91-0F22-41FA-97F7-79F08F2C16AD}.Debug|Any CPU.ActiveCfg = Debug|Any CPU
		{2AA3FA91-0F22-41FA-97F7-79F08F2C16AD}.Debug|Any CPU.Build.0 = Debug|Any CPU
		{2AA3FA91-0F22-41FA-97F7-79F08F2C16AD}.Release|Any CPU.ActiveCfg = Release|Any CPU
		{2AA3FA91-0F22-41FA-97F7-79F08F2C16AD}.Release|Any CPU.Build.0 = Release|Any CPU
	EndGlobalSection
	GlobalSection(SolutionProperties) = preSolution
		HideSolutionNode = FALSE
	EndGlobalSection
	GlobalSection(ExtensibilityGlobals) = postSolution
		SolutionGuid = {F5E3B757-1A4F-4CD0-96A7-2DF44ED0BD41}
	EndGlobalSection
EndGlobal
